
Microsoft Visual Studio Solution File, Format Version 12.00
# Visual Studio Version 17
VisualStudioVersion = 17.0.31903.59
MinimumVisualStudioVersion = 10.0.40219.1
Project("{9A19103F-16F7-4668-BE54-9A1E7A4F7556}") = "Separate Black and White Balls", "Separate Black and White Balls\Separate Black and White Balls.csproj", "{A71546CE-321A-42ED-A820-38BF4D790EBB}"
EndProject
Project("{9A19103F-16F7-4668-BE54-9A1E7A4F7556}") = "Longest Happy String", "Longest Happy String\Longest Happy String.csproj", "{A5F29808-9990-454D-922A-D646B08C123B}"
EndProject
Project("{9A19103F-16F7-4668-BE54-9A1E7A4F7556}") = "Maximum Swap", "Maximum Swap\Maximum Swap.csproj", "{6006A14A-3D87-4711-9B91-05B8914B1B3B}"
EndProject
Project("{9A19103F-16F7-4668-BE54-9A1E7A4F7556}") = "Count Number of Maximum Bitwise-OR Subsets", "Count Number of Maximum Bitwise-OR Subsets\Count Number of Maximum Bitwise-OR Subsets.csproj", "{04E0B89A-EE9D-4CD9-90D6-3C68FAC7D674}"
EndProject
Project("{9A19103F-16F7-4668-BE54-9A1E7A4F7556}") = "Missing Number", "268. Missing Number\Missing Number.csproj", "{3772E038-04F0-4830-AFCA-B128B8CA2E57}"
EndProject
Project("{9A19103F-16F7-4668-BE54-9A1E7A4F7556}") = "Divide Two Integers", "Divide Two Integers\Divide Two Integers.csproj", "{BF975171-8645-4542-893A-636F66751A89}"
EndProject
Project("{9A19103F-16F7-4668-BE54-9A1E7A4F7556}") = "Find Kth Bit in Nth Binary String", "Find Kth Bit in Nth Binary String\Find Kth Bit in Nth Binary String.csproj", "{254F6A04-2F3E-4B80-AAD3-CCAAB12674DD}"
EndProject
Project("{9A19103F-16F7-4668-BE54-9A1E7A4F7556}") = "Parsing A Boolean Expression", "Parsing A Boolean Expression\Parsing A Boolean Expression.csproj", "{FC91FB8F-EAD5-45BD-94E7-CB69099BF775}"
EndProject
Project("{9A19103F-16F7-4668-BE54-9A1E7A4F7556}") = "Split a String Into the Max Number of Unique Substrings", "Split a String Into the Max Number of Unique Substrings\Split a String Into the Max Number of Unique Substrings.csproj", "{BDF617D8-7CF0-45E3-986A-DC690905E40D}"
EndProject
Project("{9A19103F-16F7-4668-BE54-9A1E7A4F7556}") = "Contains Duplicate II", "Contains Duplicate II\Contains Duplicate II.csproj", "{8CFAB50C-D0D8-46A5-BBE8-FDFC0C638C7C}"
EndProject
Project("{9A19103F-16F7-4668-BE54-9A1E7A4F7556}") = "Kth Largest Sum in a Binary Tree", "Kth Largest Sum in a Binary Tree\Kth Largest Sum in a Binary Tree.csproj", "{EAED3A14-2930-49BA-8D16-C70D0D2530B3}"
EndProject
Project("{FAE04EC0-301F-11D3-BF4B-00C04F79EFBC}") = "Cousins in Binary Tree II", "Cousins in Binary Tree II\Cousins in Binary Tree II.csproj", "{416C9DEF-855D-402D-A612-743F029F1102}"
EndProject
Global
	GlobalSection(SolutionConfigurationPlatforms) = preSolution
		Debug|Any CPU = Debug|Any CPU
		Release|Any CPU = Release|Any CPU
	EndGlobalSection
	GlobalSection(ProjectConfigurationPlatforms) = postSolution
		{A71546CE-321A-42ED-A820-38BF4D790EBB}.Debug|Any CPU.ActiveCfg = Debug|Any CPU
		{A71546CE-321A-42ED-A820-38BF4D790EBB}.Debug|Any CPU.Build.0 = Debug|Any CPU
		{A71546CE-321A-42ED-A820-38BF4D790EBB}.Release|Any CPU.ActiveCfg = Release|Any CPU
		{A71546CE-321A-42ED-A820-38BF4D790EBB}.Release|Any CPU.Build.0 = Release|Any CPU
		{A5F29808-9990-454D-922A-D646B08C123B}.Debug|Any CPU.ActiveCfg = Debug|Any CPU
		{A5F29808-9990-454D-922A-D646B08C123B}.Debug|Any CPU.Build.0 = Debug|Any CPU
		{A5F29808-9990-454D-922A-D646B08C123B}.Release|Any CPU.ActiveCfg = Release|Any CPU
		{A5F29808-9990-454D-922A-D646B08C123B}.Release|Any CPU.Build.0 = Release|Any CPU
		{6006A14A-3D87-4711-9B91-05B8914B1B3B}.Debug|Any CPU.ActiveCfg = Debug|Any CPU
		{6006A14A-3D87-4711-9B91-05B8914B1B3B}.Debug|Any CPU.Build.0 = Debug|Any CPU
		{6006A14A-3D87-4711-9B91-05B8914B1B3B}.Release|Any CPU.ActiveCfg = Release|Any CPU
		{6006A14A-3D87-4711-9B91-05B8914B1B3B}.Release|Any CPU.Build.0 = Release|Any CPU
		{04E0B89A-EE9D-4CD9-90D6-3C68FAC7D674}.Debug|Any CPU.ActiveCfg = Debug|Any CPU
		{04E0B89A-EE9D-4CD9-90D6-3C68FAC7D674}.Debug|Any CPU.Build.0 = Debug|Any CPU
		{04E0B89A-EE9D-4CD9-90D6-3C68FAC7D674}.Release|Any CPU.ActiveCfg = Release|Any CPU
		{04E0B89A-EE9D-4CD9-90D6-3C68FAC7D674}.Release|Any CPU.Build.0 = Release|Any CPU
		{3772E038-04F0-4830-AFCA-B128B8CA2E57}.Debug|Any CPU.ActiveCfg = Debug|Any CPU
		{3772E038-04F0-4830-AFCA-B128B8CA2E57}.Debug|Any CPU.Build.0 = Debug|Any CPU
		{3772E038-04F0-4830-AFCA-B128B8CA2E57}.Release|Any CPU.ActiveCfg = Release|Any CPU
		{3772E038-04F0-4830-AFCA-B128B8CA2E57}.Release|Any CPU.Build.0 = Release|Any CPU
		{BF975171-8645-4542-893A-636F66751A89}.Debug|Any CPU.ActiveCfg = Debug|Any CPU
		{BF975171-8645-4542-893A-636F66751A89}.Debug|Any CPU.Build.0 = Debug|Any CPU
		{BF975171-8645-4542-893A-636F66751A89}.Release|Any CPU.ActiveCfg = Release|Any CPU
		{BF975171-8645-4542-893A-636F66751A89}.Release|Any CPU.Build.0 = Release|Any CPU
		{254F6A04-2F3E-4B80-AAD3-CCAAB12674DD}.Debug|Any CPU.ActiveCfg = Debug|Any CPU
		{254F6A04-2F3E-4B80-AAD3-CCAAB12674DD}.Debug|Any CPU.Build.0 = Debug|Any CPU
		{254F6A04-2F3E-4B80-AAD3-CCAAB12674DD}.Release|Any CPU.ActiveCfg = Release|Any CPU
		{254F6A04-2F3E-4B80-AAD3-CCAAB12674DD}.Release|Any CPU.Build.0 = Release|Any CPU
		{FC91FB8F-EAD5-45BD-94E7-CB69099BF775}.Debug|Any CPU.ActiveCfg = Debug|Any CPU
		{FC91FB8F-EAD5-45BD-94E7-CB69099BF775}.Debug|Any CPU.Build.0 = Debug|Any CPU
		{FC91FB8F-EAD5-45BD-94E7-CB69099BF775}.Release|Any CPU.ActiveCfg = Release|Any CPU
		{FC91FB8F-EAD5-45BD-94E7-CB69099BF775}.Release|Any CPU.Build.0 = Release|Any CPU
		{BDF617D8-7CF0-45E3-986A-DC690905E40D}.Debug|Any CPU.ActiveCfg = Debug|Any CPU
		{BDF617D8-7CF0-45E3-986A-DC690905E40D}.Debug|Any CPU.Build.0 = Debug|Any CPU
		{BDF617D8-7CF0-45E3-986A-DC690905E40D}.Release|Any CPU.ActiveCfg = Release|Any CPU
		{BDF617D8-7CF0-45E3-986A-DC690905E40D}.Release|Any CPU.Build.0 = Release|Any CPU
		{8CFAB50C-D0D8-46A5-BBE8-FDFC0C638C7C}.Debug|Any CPU.ActiveCfg = Debug|Any CPU
		{8CFAB50C-D0D8-46A5-BBE8-FDFC0C638C7C}.Debug|Any CPU.Build.0 = Debug|Any CPU
		{8CFAB50C-D0D8-46A5-BBE8-FDFC0C638C7C}.Release|Any CPU.ActiveCfg = Release|Any CPU
		{8CFAB50C-D0D8-46A5-BBE8-FDFC0C638C7C}.Release|Any CPU.Build.0 = Release|Any CPU
		{EAED3A14-2930-49BA-8D16-C70D0D2530B3}.Debug|Any CPU.ActiveCfg = Debug|Any CPU
		{EAED3A14-2930-49BA-8D16-C70D0D2530B3}.Debug|Any CPU.Build.0 = Debug|Any CPU
		{EAED3A14-2930-49BA-8D16-C70D0D2530B3}.Release|Any CPU.ActiveCfg = Release|Any CPU
		{EAED3A14-2930-49BA-8D16-C70D0D2530B3}.Release|Any CPU.Build.0 = Release|Any CPU
		{416C9DEF-855D-402D-A612-743F029F1102}.Debug|Any CPU.ActiveCfg = Debug|Any CPU
		{416C9DEF-855D-402D-A612-743F029F1102}.Debug|Any CPU.Build.0 = Debug|Any CPU
		{416C9DEF-855D-402D-A612-743F029F1102}.Release|Any CPU.ActiveCfg = Release|Any CPU
		{416C9DEF-855D-402D-A612-743F029F1102}.Release|Any CPU.Build.0 = Release|Any CPU
	EndGlobalSection
	GlobalSection(SolutionProperties) = preSolution
		HideSolutionNode = FALSE
	EndGlobalSection
	GlobalSection(ExtensibilityGlobals) = postSolution
		SolutionGuid = {9CF6E7FE-60B7-4FC9-9C11-8DCFDE58EA90}
	EndGlobalSection
EndGlobal
